
Microsoft Visual Studio Solution File, Format Version 12.00
# Visual Studio Version 17
VisualStudioVersion = 17.14.36327.8 d17.14
MinimumVisualStudioVersion = 10.0.40219.1
Project("{FAE04EC0-301F-11D3-BF4B-00C04F79EFBC}") = "AuthWebApp", "AuthWebApp.csproj", "{92908BDC-AFB9-438A-A14B-4486789F51B0}"
EndProject
Global
	GlobalSection(SolutionConfigurationPlatforms) = preSolution
		Debug|Any CPU = Debug|Any CPU
		Release|Any CPU = Release|Any CPU
	EndGlobalSection
	GlobalSection(ProjectConfigurationPlatforms) = postSolution
		{92908BDC-AFB9-438A-A14B-4486789F51B0}.Debug|Any CPU.ActiveCfg = Debug|Any CPU
		{92908BDC-AFB9-438A-A14B-4486789F51B0}.Debug|Any CPU.Build.0 = Debug|Any CPU
		{92908BDC-AFB9-438A-A14B-4486789F51B0}.Release|Any CPU.ActiveCfg = Release|Any CPU
		{92908BDC-AFB9-438A-A14B-4486789F51B0}.Release|Any CPU.Build.0 = Release|Any CPU
	EndGlobalSection
	GlobalSection(SolutionProperties) = preSolution
		HideSolutionNode = FALSE
	EndGlobalSection
	GlobalSection(ExtensibilityGlobals) = postSolution
		SolutionGuid = {89D0C8B6-6767-4321-AA55-EB6DA17BA335}
	EndGlobalSection
EndGlobal
